
Microsoft Visual Studio Solution File, Format Version 12.00
# Visual Studio Version 16
VisualStudioVersion = 16.0.29424.173
MinimumVisualStudioVersion = 10.0.40219.1
Project("{FAE04EC0-301F-11D3-BF4B-00C04F79EFBC}") = "CodeFirstNewDatabaseSample", "CodeFirstNewDatabaseSample\CodeFirstNewDatabaseSample.csproj", "{1D87F898-354F-4D11-ADD0-B173C59711FB}"
EndProject
Global
	GlobalSection(SolutionConfigurationPlatforms) = preSolution
		Debug|Any CPU = Debug|Any CPU
		Release|Any CPU = Release|Any CPU
	EndGlobalSection
	GlobalSection(ProjectConfigurationPlatforms) = postSolution
		{1D87F898-354F-4D11-ADD0-B173C59711FB}.Debug|Any CPU.ActiveCfg = Debug|Any CPU
		{1D87F898-354F-4D11-ADD0-B173C59711FB}.Debug|Any CPU.Build.0 = Debug|Any CPU
		{1D87F898-354F-4D11-ADD0-B173C59711FB}.Release|Any CPU.ActiveCfg = Release|Any CPU
		{1D87F898-354F-4D11-ADD0-B173C59711FB}.Release|Any CPU.Build.0 = Release|Any CPU
	EndGlobalSection
	GlobalSection(SolutionProperties) = preSolution
		HideSolutionNode = FALSE
	EndGlobalSection
	GlobalSection(ExtensibilityGlobals) = postSolution
		SolutionGuid = {6863F14E-2959-424D-B2B5-39A8E25049D8}
	EndGlobalSection
EndGlobal
